// !$*UTF8*$!
{
	archiveVersion = 1;
	classes = {
	};
	objectVersion = 56;
	objects = {

/* Begin PBXBuildFile section */
		2F5F68D429B4522900A6FE54 /* AppDelegate.swift in Sources */ = {isa = PBXBuildFile; fileRef = 2F5F68D329B4522900A6FE54 /* AppDelegate.swift */; };
		2F5F68D629B4522900A6FE54 /* SceneDelegate.swift in Sources */ = {isa = PBXBuildFile; fileRef = 2F5F68D529B4522900A6FE54 /* SceneDelegate.swift */; };
		2F5F68D829B4522900A6FE54 /* ViewController.swift in Sources */ = {isa = PBXBuildFile; fileRef = 2F5F68D729B4522900A6FE54 /* ViewController.swift */; };
		2F5F68DB29B4522900A6FE54 /* Main.storyboard in Resources */ = {isa = PBXBuildFile; fileRef = 2F5F68D929B4522900A6FE54 /* Main.storyboard */; };
		2F5F68DD29B4522B00A6FE54 /* Assets.xcassets in Resources */ = {isa = PBXBuildFile; fileRef = 2F5F68DC29B4522B00A6FE54 /* Assets.xcassets */; };
		2F5F68E029B4522B00A6FE54 /* LaunchScreen.storyboard in Resources */ = {isa = PBXBuildFile; fileRef = 2F5F68DE29B4522B00A6FE54 /* LaunchScreen.storyboard */; };
		2F5F68EB29B4522B00A6FE54 /* YapeFoodTests.swift in Sources */ = {isa = PBXBuildFile; fileRef = 2F5F68EA29B4522B00A6FE54 /* YapeFoodTests.swift */; };
		2F5F68F529B4522B00A6FE54 /* YapeFoodUITests.swift in Sources */ = {isa = PBXBuildFile; fileRef = 2F5F68F429B4522B00A6FE54 /* YapeFoodUITests.swift */; };
		2F5F68F729B4522B00A6FE54 /* YapeFoodUITestsLaunchTests.swift in Sources */ = {isa = PBXBuildFile; fileRef = 2F5F68F629B4522B00A6FE54 /* YapeFoodUITestsLaunchTests.swift */; };
		2F5F690529B4531400A6FE54 /* SDWebImage in Frameworks */ = {isa = PBXBuildFile; productRef = 2F5F690429B4531400A6FE54 /* SDWebImage */; };
		2F5F690D29B453B900A6FE54 /* Food.swift in Sources */ = {isa = PBXBuildFile; fileRef = 2F5F690C29B453B900A6FE54 /* Food.swift */; };
		2F5F690E29B453B900A6FE54 /* Food.swift in Sources */ = {isa = PBXBuildFile; fileRef = 2F5F690C29B453B900A6FE54 /* Food.swift */; };
		2F5F690F29B453B900A6FE54 /* Food.swift in Sources */ = {isa = PBXBuildFile; fileRef = 2F5F690C29B453B900A6FE54 /* Food.swift */; };
/* End PBXBuildFile section */

/* Begin PBXContainerItemProxy section */
		2F5F68E729B4522B00A6FE54 /* PBXContainerItemProxy */ = {
			isa = PBXContainerItemProxy;
			containerPortal = 2F5F68C829B4522900A6FE54 /* Project object */;
			proxyType = 1;
			remoteGlobalIDString = 2F5F68CF29B4522900A6FE54;
			remoteInfo = YapeFood;
		};
		2F5F68F129B4522B00A6FE54 /* PBXContainerItemProxy */ = {
			isa = PBXContainerItemProxy;
			containerPortal = 2F5F68C829B4522900A6FE54 /* Project object */;
			proxyType = 1;
			remoteGlobalIDString = 2F5F68CF29B4522900A6FE54;
			remoteInfo = YapeFood;
		};
/* End PBXContainerItemProxy section */

/* Begin PBXFileReference section */
		2F5F68D029B4522900A6FE54 /* YapeFood.app */ = {isa = PBXFileReference; explicitFileType = wrapper.application; includeInIndex = 0; path = YapeFood.app; sourceTree = BUILT_PRODUCTS_DIR; };
		2F5F68D329B4522900A6FE54 /* AppDelegate.swift */ = {isa = PBXFileReference; lastKnownFileType = sourcecode.swift; path = AppDelegate.swift; sourceTree = "<group>"; };
		2F5F68D529B4522900A6FE54 /* SceneDelegate.swift */ = {isa = PBXFileReference; lastKnownFileType = sourcecode.swift; path = SceneDelegate.swift; sourceTree = "<group>"; };
		2F5F68D729B4522900A6FE54 /* ViewController.swift */ = {isa = PBXFileReference; lastKnownFileType = sourcecode.swift; path = ViewController.swift; sourceTree = "<group>"; };
		2F5F68DA29B4522900A6FE54 /* Base */ = {isa = PBXFileReference; lastKnownFileType = file.storyboard; name = Base; path = Base.lproj/Main.storyboard; sourceTree = "<group>"; };
		2F5F68DC29B4522B00A6FE54 /* Assets.xcassets */ = {isa = PBXFileReference; lastKnownFileType = folder.assetcatalog; path = Assets.xcassets; sourceTree = "<group>"; };
		2F5F68DF29B4522B00A6FE54 /* Base */ = {isa = PBXFileReference; lastKnownFileType = file.storyboard; name = Base; path = Base.lproj/LaunchScreen.storyboard; sourceTree = "<group>"; };
		2F5F68E129B4522B00A6FE54 /* Info.plist */ = {isa = PBXFileReference; lastKnownFileType = text.plist.xml; path = Info.plist; sourceTree = "<group>"; };
		2F5F68E629B4522B00A6FE54 /* YapeFoodTests.xctest */ = {isa = PBXFileReference; explicitFileType = wrapper.cfbundle; includeInIndex = 0; path = YapeFoodTests.xctest; sourceTree = BUILT_PRODUCTS_DIR; };
		2F5F68EA29B4522B00A6FE54 /* YapeFoodTests.swift */ = {isa = PBXFileReference; lastKnownFileType = sourcecode.swift; path = YapeFoodTests.swift; sourceTree = "<group>"; };
		2F5F68F029B4522B00A6FE54 /* YapeFoodUITests.xctest */ = {isa = PBXFileReference; explicitFileType = wrapper.cfbundle; includeInIndex = 0; path = YapeFoodUITests.xctest; sourceTree = BUILT_PRODUCTS_DIR; };
		2F5F68F429B4522B00A6FE54 /* YapeFoodUITests.swift */ = {isa = PBXFileReference; lastKnownFileType = sourcecode.swift; path = YapeFoodUITests.swift; sourceTree = "<group>"; };
		2F5F68F629B4522B00A6FE54 /* YapeFoodUITestsLaunchTests.swift */ = {isa = PBXFileReference; lastKnownFileType = sourcecode.swift; path = YapeFoodUITestsLaunchTests.swift; sourceTree = "<group>"; };
		2F5F690C29B453B900A6FE54 /* Food.swift */ = {isa = PBXFileReference; lastKnownFileType = sourcecode.swift; path = Food.swift; sourceTree = "<group>"; };
/* End PBXFileReference section */

/* Begin PBXFrameworksBuildPhase section */
		2F5F68CD29B4522900A6FE54 /* Frameworks */ = {
			isa = PBXFrameworksBuildPhase;
			buildActionMask = 2147483647;
			files = (
				2F5F690529B4531400A6FE54 /* SDWebImage in Frameworks */,
			);
			runOnlyForDeploymentPostprocessing = 0;
		};
		2F5F68E329B4522B00A6FE54 /* Frameworks */ = {
			isa = PBXFrameworksBuildPhase;
			buildActionMask = 2147483647;
			files = (
			);
			runOnlyForDeploymentPostprocessing = 0;
		};
		2F5F68ED29B4522B00A6FE54 /* Frameworks */ = {
			isa = PBXFrameworksBuildPhase;
			buildActionMask = 2147483647;
			files = (
			);
			runOnlyForDeploymentPostprocessing = 0;
		};
/* End PBXFrameworksBuildPhase section */

/* Begin PBXGroup section */
		2F5F68C729B4522900A6FE54 = {
			isa = PBXGroup;
			children = (
				2F5F68D229B4522900A6FE54 /* YapeFood */,
				2F5F68E929B4522B00A6FE54 /* YapeFoodTests */,
				2F5F68F329B4522B00A6FE54 /* YapeFoodUITests */,
				2F5F68D129B4522900A6FE54 /* Products */,
			);
			sourceTree = "<group>";
		};
		2F5F68D129B4522900A6FE54 /* Products */ = {
			isa = PBXGroup;
			children = (
				2F5F68D029B4522900A6FE54 /* YapeFood.app */,
				2F5F68E629B4522B00A6FE54 /* YapeFoodTests.xctest */,
				2F5F68F029B4522B00A6FE54 /* YapeFoodUITests.xctest */,
			);
			name = Products;
			sourceTree = "<group>";
		};
		2F5F68D229B4522900A6FE54 /* YapeFood */ = {
			isa = PBXGroup;
			children = (
				2F5F690B29B4537A00A6FE54 /* Model */,
				2F5F690A29B4537600A6FE54 /* View */,
				2F5F690929B4537200A6FE54 /* Controller */,
				2F5F690829B4536A00A6FE54 /* Data */,
				2F5F690729B4536700A6FE54 /* Domain */,
				2F5F690629B4536300A6FE54 /* Utils */,
				2F5F68D329B4522900A6FE54 /* AppDelegate.swift */,
				2F5F68D529B4522900A6FE54 /* SceneDelegate.swift */,
				2F5F68DC29B4522B00A6FE54 /* Assets.xcassets */,
				2F5F68E129B4522B00A6FE54 /* Info.plist */,
			);
			path = YapeFood;
			sourceTree = "<group>";
		};
		2F5F68E929B4522B00A6FE54 /* YapeFoodTests */ = {
			isa = PBXGroup;
			children = (
				2F5F68EA29B4522B00A6FE54 /* YapeFoodTests.swift */,
			);
			path = YapeFoodTests;
			sourceTree = "<group>";
		};
		2F5F68F329B4522B00A6FE54 /* YapeFoodUITests */ = {
			isa = PBXGroup;
			children = (
				2F5F68F429B4522B00A6FE54 /* YapeFoodUITests.swift */,
				2F5F68F629B4522B00A6FE54 /* YapeFoodUITestsLaunchTests.swift */,
			);
			path = YapeFoodUITests;
			sourceTree = "<group>";
		};
		2F5F690629B4536300A6FE54 /* Utils */ = {
			isa = PBXGroup;
			children = (
			);
			path = Utils;
			sourceTree = "<group>";
		};
		2F5F690729B4536700A6FE54 /* Domain */ = {
			isa = PBXGroup;
			children = (
			);
			path = Domain;
			sourceTree = "<group>";
		};
		2F5F690829B4536A00A6FE54 /* Data */ = {
			isa = PBXGroup;
			children = (
			);
			path = Data;
			sourceTree = "<group>";
		};
		2F5F690929B4537200A6FE54 /* Controller */ = {
			isa = PBXGroup;
			children = (
				2F5F68D729B4522900A6FE54 /* ViewController.swift */,
			);
			path = Controller;
			sourceTree = "<group>";
		};
		2F5F690A29B4537600A6FE54 /* View */ = {
			isa = PBXGroup;
			children = (
				2F5F68D929B4522900A6FE54 /* Main.storyboard */,
				2F5F68DE29B4522B00A6FE54 /* LaunchScreen.storyboard */,
			);
			path = View;
			sourceTree = "<group>";
		};
		2F5F690B29B4537A00A6FE54 /* Model */ = {
			isa = PBXGroup;
			children = (
				2F5F690C29B453B900A6FE54 /* Food.swift */,
			);
			path = Model;
			sourceTree = "<group>";
		};
/* End PBXGroup section */

/* Begin PBXNativeTarget section */
		2F5F68CF29B4522900A6FE54 /* YapeFood */ = {
			isa = PBXNativeTarget;
			buildConfigurationList = 2F5F68FA29B4522B00A6FE54 /* Build configuration list for PBXNativeTarget "YapeFood" */;
			buildPhases = (
				2F5F68CC29B4522900A6FE54 /* Sources */,
				2F5F68CD29B4522900A6FE54 /* Frameworks */,
				2F5F68CE29B4522900A6FE54 /* Resources */,
			);
			buildRules = (
			);
			dependencies = (
			);
			name = YapeFood;
			packageProductDependencies = (
				2F5F690429B4531400A6FE54 /* SDWebImage */,
			);
			productName = YapeFood;
			productReference = 2F5F68D029B4522900A6FE54 /* YapeFood.app */;
			productType = "com.apple.product-type.application";
		};
		2F5F68E529B4522B00A6FE54 /* YapeFoodTests */ = {
			isa = PBXNativeTarget;
			buildConfigurationList = 2F5F68FD29B4522B00A6FE54 /* Build configuration list for PBXNativeTarget "YapeFoodTests" */;
			buildPhases = (
				2F5F68E229B4522B00A6FE54 /* Sources */,
				2F5F68E329B4522B00A6FE54 /* Frameworks */,
				2F5F68E429B4522B00A6FE54 /* Resources */,
			);
			buildRules = (
			);
			dependencies = (
				2F5F68E829B4522B00A6FE54 /* PBXTargetDependency */,
			);
			name = YapeFoodTests;
			productName = YapeFoodTests;
			productReference = 2F5F68E629B4522B00A6FE54 /* YapeFoodTests.xctest */;
			productType = "com.apple.product-type.bundle.unit-test";
		};
		2F5F68EF29B4522B00A6FE54 /* YapeFoodUITests */ = {
			isa = PBXNativeTarget;
			buildConfigurationList = 2F5F690029B4522B00A6FE54 /* Build configuration list for PBXNativeTarget "YapeFoodUITests" */;
			buildPhases = (
				2F5F68EC29B4522B00A6FE54 /* Sources */,
				2F5F68ED29B4522B00A6FE54 /* Frameworks */,
				2F5F68EE29B4522B00A6FE54 /* Resources */,
			);
			buildRules = (
			);
			dependencies = (
				2F5F68F229B4522B00A6FE54 /* PBXTargetDependency */,
			);
			name = YapeFoodUITests;
			productName = YapeFoodUITests;
			productReference = 2F5F68F029B4522B00A6FE54 /* YapeFoodUITests.xctest */;
			productType = "com.apple.product-type.bundle.ui-testing";
		};
/* End PBXNativeTarget section */

/* Begin PBXProject section */
		2F5F68C829B4522900A6FE54 /* Project object */ = {
			isa = PBXProject;
			attributes = {
				BuildIndependentTargetsInParallel = 1;
				LastSwiftUpdateCheck = 1420;
				LastUpgradeCheck = 1420;
				TargetAttributes = {
					2F5F68CF29B4522900A6FE54 = {
						CreatedOnToolsVersion = 14.2;
					};
					2F5F68E529B4522B00A6FE54 = {
						CreatedOnToolsVersion = 14.2;
						TestTargetID = 2F5F68CF29B4522900A6FE54;
					};
					2F5F68EF29B4522B00A6FE54 = {
						CreatedOnToolsVersion = 14.2;
						TestTargetID = 2F5F68CF29B4522900A6FE54;
					};
				};
			};
			buildConfigurationList = 2F5F68CB29B4522900A6FE54 /* Build configuration list for PBXProject "YapeFood" */;
			compatibilityVersion = "Xcode 14.0";
			developmentRegion = en;
			hasScannedForEncodings = 0;
			knownRegions = (
				en,
				Base,
			);
			mainGroup = 2F5F68C729B4522900A6FE54;
			packageReferences = (
				2F5F690329B4531400A6FE54 /* XCRemoteSwiftPackageReference "SDWebImage" */,
			);
			productRefGroup = 2F5F68D129B4522900A6FE54 /* Products */;
			projectDirPath = "";
			projectRoot = "";
			targets = (
				2F5F68CF29B4522900A6FE54 /* YapeFood */,
				2F5F68E529B4522B00A6FE54 /* YapeFoodTests */,
				2F5F68EF29B4522B00A6FE54 /* YapeFoodUITests */,
			);
		};
/* End PBXProject section */

/* Begin PBXResourcesBuildPhase section */
		2F5F68CE29B4522900A6FE54 /* Resources */ = {
			isa = PBXResourcesBuildPhase;
			buildActionMask = 2147483647;
			files = (
				2F5F68E029B4522B00A6FE54 /* LaunchScreen.storyboard in Resources */,
				2F5F68DD29B4522B00A6FE54 /* Assets.xcassets in Resources */,
				2F5F68DB29B4522900A6FE54 /* Main.storyboard in Resources */,
			);
			runOnlyForDeploymentPostprocessing = 0;
		};
		2F5F68E429B4522B00A6FE54 /* Resources */ = {
			isa = PBXResourcesBuildPhase;
			buildActionMask = 2147483647;
			files = (
			);
			runOnlyForDeploymentPostprocessing = 0;
		};
		2F5F68EE29B4522B00A6FE54 /* Resources */ = {
			isa = PBXResourcesBuildPhase;
			buildActionMask = 2147483647;
			files = (
			);
			runOnlyForDeploymentPostprocessing = 0;
		};
/* End PBXResourcesBuildPhase section */

/* Begin PBXSourcesBuildPhase section */
		2F5F68CC29B4522900A6FE54 /* Sources */ = {
			isa = PBXSourcesBuildPhase;
			buildActionMask = 2147483647;
			files = (
				2F5F68D829B4522900A6FE54 /* ViewController.swift in Sources */,
				2F5F690D29B453B900A6FE54 /* Food.swift in Sources */,
				2F5F68D429B4522900A6FE54 /* AppDelegate.swift in Sources */,
				2F5F68D629B4522900A6FE54 /* SceneDelegate.swift in Sources */,
			);
			runOnlyForDeploymentPostprocessing = 0;
		};
		2F5F68E229B4522B00A6FE54 /* Sources */ = {
			isa = PBXSourcesBuildPhase;
			buildActionMask = 2147483647;
			files = (
				2F5F68EB29B4522B00A6FE54 /* YapeFoodTests.swift in Sources */,
				2F5F690E29B453B900A6FE54 /* Food.swift in Sources */,
			);
			runOnlyForDeploymentPostprocessing = 0;
		};
		2F5F68EC29B4522B00A6FE54 /* Sources */ = {
			isa = PBXSourcesBuildPhase;
			buildActionMask = 2147483647;
			files = (
				2F5F68F729B4522B00A6FE54 /* YapeFoodUITestsLaunchTests.swift in Sources */,
				2F5F68F529B4522B00A6FE54 /* YapeFoodUITests.swift in Sources */,
				2F5F690F29B453B900A6FE54 /* Food.swift in Sources */,
			);
			runOnlyForDeploymentPostprocessing = 0;
		};
/* End PBXSourcesBuildPhase section */

/* Begin PBXTargetDependency section */
		2F5F68E829B4522B00A6FE54 /* PBXTargetDependency */ = {
			isa = PBXTargetDependency;
			target = 2F5F68CF29B4522900A6FE54 /* YapeFood */;
			targetProxy = 2F5F68E729B4522B00A6FE54 /* PBXContainerItemProxy */;
		};
		2F5F68F229B4522B00A6FE54 /* PBXTargetDependency */ = {
			isa = PBXTargetDependency;
			target = 2F5F68CF29B4522900A6FE54 /* YapeFood */;
			targetProxy = 2F5F68F129B4522B00A6FE54 /* PBXContainerItemProxy */;
		};
/* End PBXTargetDependency section */

/* Begin PBXVariantGroup section */
		2F5F68D929B4522900A6FE54 /* Main.storyboard */ = {
			isa = PBXVariantGroup;
			children = (
				2F5F68DA29B4522900A6FE54 /* Base */,
			);
			name = Main.storyboard;
			sourceTree = "<group>";
		};
		2F5F68DE29B4522B00A6FE54 /* LaunchScreen.storyboard */ = {
			isa = PBXVariantGroup;
			children = (
				2F5F68DF29B4522B00A6FE54 /* Base */,
			);
			name = LaunchScreen.storyboard;
			sourceTree = "<group>";
		};
/* End PBXVariantGroup section */

/* Begin XCBuildConfiguration section */
		2F5F68F829B4522B00A6FE54 /* Debug */ = {
			isa = XCBuildConfiguration;
			buildSettings = {
				ALWAYS_SEARCH_USER_PATHS = NO;
				CLANG_ANALYZER_NONNULL = YES;
				CLANG_ANALYZER_NUMBER_OBJECT_CONVERSION = YES_AGGRESSIVE;
				CLANG_CXX_LANGUAGE_STANDARD = "gnu++20";
				CLANG_ENABLE_MODULES = YES;
				CLANG_ENABLE_OBJC_ARC = YES;
				CLANG_ENABLE_OBJC_WEAK = YES;
				CLANG_WARN_BLOCK_CAPTURE_AUTORELEASING = YES;
				CLANG_WARN_BOOL_CONVERSION = YES;
				CLANG_WARN_COMMA = YES;
				CLANG_WARN_CONSTANT_CONVERSION = YES;
				CLANG_WARN_DEPRECATED_OBJC_IMPLEMENTATIONS = YES;
				CLANG_WARN_DIRECT_OBJC_ISA_USAGE = YES_ERROR;
				CLANG_WARN_DOCUMENTATION_COMMENTS = YES;
				CLANG_WARN_EMPTY_BODY = YES;
				CLANG_WARN_ENUM_CONVERSION = YES;
				CLANG_WARN_INFINITE_RECURSION = YES;
				CLANG_WARN_INT_CONVERSION = YES;
				CLANG_WARN_NON_LITERAL_NULL_CONVERSION = YES;
				CLANG_WARN_OBJC_IMPLICIT_RETAIN_SELF = YES;
				CLANG_WARN_OBJC_LITERAL_CONVERSION = YES;
				CLANG_WARN_OBJC_ROOT_CLASS = YES_ERROR;
				CLANG_WARN_QUOTED_INCLUDE_IN_FRAMEWORK_HEADER = YES;
				CLANG_WARN_RANGE_LOOP_ANALYSIS = YES;
				CLANG_WARN_STRICT_PROTOTYPES = YES;
				CLANG_WARN_SUSPICIOUS_MOVE = YES;
				CLANG_WARN_UNGUARDED_AVAILABILITY = YES_AGGRESSIVE;
				CLANG_WARN_UNREACHABLE_CODE = YES;
				CLANG_WARN__DUPLICATE_METHOD_MATCH = YES;
				COPY_PHASE_STRIP = NO;
				DEBUG_INFORMATION_FORMAT = dwarf;
				ENABLE_STRICT_OBJC_MSGSEND = YES;
				ENABLE_TESTABILITY = YES;
				GCC_C_LANGUAGE_STANDARD = gnu11;
				GCC_DYNAMIC_NO_PIC = NO;
				GCC_NO_COMMON_BLOCKS = YES;
				GCC_OPTIMIZATION_LEVEL = 0;
				GCC_PREPROCESSOR_DEFINITIONS = (
					"DEBUG=1",
					"$(inherited)",
				);
				GCC_WARN_64_TO_32_BIT_CONVERSION = YES;
				GCC_WARN_ABOUT_RETURN_TYPE = YES_ERROR;
				GCC_WARN_UNDECLARED_SELECTOR = YES;
				GCC_WARN_UNINITIALIZED_AUTOS = YES_AGGRESSIVE;
				GCC_WARN_UNUSED_FUNCTION = YES;
				GCC_WARN_UNUSED_VARIABLE = YES;
				IPHONEOS_DEPLOYMENT_TARGET = 16.2;
				MTL_ENABLE_DEBUG_INFO = INCLUDE_SOURCE;
				MTL_FAST_MATH = YES;
				ONLY_ACTIVE_ARCH = YES;
				SDKROOT = iphoneos;
				SWIFT_ACTIVE_COMPILATION_CONDITIONS = DEBUG;
				SWIFT_OPTIMIZATION_LEVEL = "-Onone";
			};
			name = Debug;
		};
		2F5F68F929B4522B00A6FE54 /* Release */ = {
			isa = XCBuildConfiguration;
			buildSettings = {
				ALWAYS_SEARCH_USER_PATHS = NO;
				CLANG_ANALYZER_NONNULL = YES;
				CLANG_ANALYZER_NUMBER_OBJECT_CONVERSION = YES_AGGRESSIVE;
				CLANG_CXX_LANGUAGE_STANDARD = "gnu++20";
				CLANG_ENABLE_MODULES = YES;
				CLANG_ENABLE_OBJC_ARC = YES;
				CLANG_ENABLE_OBJC_WEAK = YES;
				CLANG_WARN_BLOCK_CAPTURE_AUTORELEASING = YES;
				CLANG_WARN_BOOL_CONVERSION = YES;
				CLANG_WARN_COMMA = YES;
				CLANG_WARN_CONSTANT_CONVERSION = YES;
				CLANG_WARN_DEPRECATED_OBJC_IMPLEMENTATIONS = YES;
				CLANG_WARN_DIRECT_OBJC_ISA_USAGE = YES_ERROR;
				CLANG_WARN_DOCUMENTATION_COMMENTS = YES;
				CLANG_WARN_EMPTY_BODY = YES;
				CLANG_WARN_ENUM_CONVERSION = YES;
				CLANG_WARN_INFINITE_RECURSION = YES;
				CLANG_WARN_INT_CONVERSION = YES;
				CLANG_WARN_NON_LITERAL_NULL_CONVERSION = YES;
				CLANG_WARN_OBJC_IMPLICIT_RETAIN_SELF = YES;
				CLANG_WARN_OBJC_LITERAL_CONVERSION = YES;
				CLANG_WARN_OBJC_ROOT_CLASS = YES_ERROR;
				CLANG_WARN_QUOTED_INCLUDE_IN_FRAMEWORK_HEADER = YES;
				CLANG_WARN_RANGE_LOOP_ANALYSIS = YES;
				CLANG_WARN_STRICT_PROTOTYPES = YES;
				CLANG_WARN_SUSPICIOUS_MOVE = YES;
				CLANG_WARN_UNGUARDED_AVAILABILITY = YES_AGGRESSIVE;
				CLANG_WARN_UNREACHABLE_CODE = YES;
				CLANG_WARN__DUPLICATE_METHOD_MATCH = YES;
				COPY_PHASE_STRIP = NO;
				DEBUG_INFORMATION_FORMAT = "dwarf-with-dsym";
				ENABLE_NS_ASSERTIONS = NO;
				ENABLE_STRICT_OBJC_MSGSEND = YES;
				GCC_C_LANGUAGE_STANDARD = gnu11;
				GCC_NO_COMMON_BLOCKS = YES;
				GCC_WARN_64_TO_32_BIT_CONVERSION = YES;
				GCC_WARN_ABOUT_RETURN_TYPE = YES_ERROR;
				GCC_WARN_UNDECLARED_SELECTOR = YES;
				GCC_WARN_UNINITIALIZED_AUTOS = YES_AGGRESSIVE;
				GCC_WARN_UNUSED_FUNCTION = YES;
				GCC_WARN_UNUSED_VARIABLE = YES;
				IPHONEOS_DEPLOYMENT_TARGET = 16.2;
				MTL_ENABLE_DEBUG_INFO = NO;
				MTL_FAST_MATH = YES;
				SDKROOT = iphoneos;
				SWIFT_COMPILATION_MODE = wholemodule;
				SWIFT_OPTIMIZATION_LEVEL = "-O";
				VALIDATE_PRODUCT = YES;
			};
			name = Release;
		};
		2F5F68FB29B4522B00A6FE54 /* Debug */ = {
			isa = XCBuildConfiguration;
			buildSettings = {
				ASSETCATALOG_COMPILER_APPICON_NAME = AppIcon;
				ASSETCATALOG_COMPILER_GLOBAL_ACCENT_COLOR_NAME = AccentColor;
				CODE_SIGN_STYLE = Automatic;
				CURRENT_PROJECT_VERSION = 1;
				DEVELOPMENT_TEAM = 22P58SR4VW;
				GENERATE_INFOPLIST_FILE = YES;
				INFOPLIST_FILE = YapeFood/Info.plist;
				INFOPLIST_KEY_UIApplicationSupportsIndirectInputEvents = YES;
				INFOPLIST_KEY_UILaunchStoryboardName = LaunchScreen;
				INFOPLIST_KEY_UIMainStoryboardFile = Main;
				INFOPLIST_KEY_UISupportedInterfaceOrientations_iPad = "UIInterfaceOrientationPortrait UIInterfaceOrientationPortraitUpsideDown UIInterfaceOrientationLandscapeLeft UIInterfaceOrientationLandscapeRight";
				INFOPLIST_KEY_UISupportedInterfaceOrientations_iPhone = "UIInterfaceOrientationPortrait UIInterfaceOrientationLandscapeLeft UIInterfaceOrientationLandscapeRight";
				LD_RUNPATH_SEARCH_PATHS = (
					"$(inherited)",
					"@executable_path/Frameworks",
				);
				MARKETING_VERSION = 1.0;
				PRODUCT_BUNDLE_IDENTIFIER = com.mvelasquezherrera.YapeFood;
				PRODUCT_NAME = "$(TARGET_NAME)";
				SWIFT_EMIT_LOC_STRINGS = YES;
				SWIFT_VERSION = 5.0;
				TARGETED_DEVICE_FAMILY = "1,2";
			};
			name = Debug;
		};
		2F5F68FC29B4522B00A6FE54 /* Release */ = {
			isa = XCBuildConfiguration;
			buildSettings = {
				ASSETCATALOG_COMPILER_APPICON_NAME = AppIcon;
				ASSETCATALOG_COMPILER_GLOBAL_ACCENT_COLOR_NAME = AccentColor;
				CODE_SIGN_STYLE = Automatic;
				CURRENT_PROJECT_VERSION = 1;
				DEVELOPMENT_TEAM = 22P58SR4VW;
				GENERATE_INFOPLIST_FILE = YES;
				INFOPLIST_FILE = YapeFood/Info.plist;
				INFOPLIST_KEY_UIApplicationSupportsIndirectInputEvents = YES;
				INFOPLIST_KEY_UILaunchStoryboardName = LaunchScreen;
				INFOPLIST_KEY_UIMainStoryboardFile = Main;
				INFOPLIST_KEY_UISupportedInterfaceOrientations_iPad = "UIInterfaceOrientationPortrait UIInterfaceOrientationPortraitUpsideDown UIInterfaceOrientationLandscapeLeft UIInterfaceOrientationLandscapeRight";
				INFOPLIST_KEY_UISupportedInterfaceOrientations_iPhone = "UIInterfaceOrientationPortrait UIInterfaceOrientationLandscapeLeft UIInterfaceOrientationLandscapeRight";
				LD_RUNPATH_SEARCH_PATHS = (
					"$(inherited)",
					"@executable_path/Frameworks",
				);
				MARKETING_VERSION = 1.0;
				PRODUCT_BUNDLE_IDENTIFIER = com.mvelasquezherrera.YapeFood;
				PRODUCT_NAME = "$(TARGET_NAME)";
				SWIFT_EMIT_LOC_STRINGS = YES;
				SWIFT_VERSION = 5.0;
				TARGETED_DEVICE_FAMILY = "1,2";
			};
			name = Release;
		};
		2F5F68FE29B4522B00A6FE54 /* Debug */ = {
			isa = XCBuildConfiguration;
			buildSettings = {
				ALWAYS_EMBED_SWIFT_STANDARD_LIBRARIES = YES;
				BUNDLE_LOADER = "$(TEST_HOST)";
				CODE_SIGN_STYLE = Automatic;
				CURRENT_PROJECT_VERSION = 1;
				DEVELOPMENT_TEAM = 22P58SR4VW;
				GENERATE_INFOPLIST_FILE = YES;
				IPHONEOS_DEPLOYMENT_TARGET = 16.2;
				MARKETING_VERSION = 1.0;
				PRODUCT_BUNDLE_IDENTIFIER = com.mvelasquezherrera.YapeFoodTests;
				PRODUCT_NAME = "$(TARGET_NAME)";
				SWIFT_EMIT_LOC_STRINGS = NO;
				SWIFT_VERSION = 5.0;
				TARGETED_DEVICE_FAMILY = "1,2";
				TEST_HOST = "$(BUILT_PRODUCTS_DIR)/YapeFood.app/$(BUNDLE_EXECUTABLE_FOLDER_PATH)/YapeFood";
			};
			name = Debug;
		};
		2F5F68FF29B4522B00A6FE54 /* Release */ = {
			isa = XCBuildConfiguration;
			buildSettings = {
				ALWAYS_EMBED_SWIFT_STANDARD_LIBRARIES = YES;
				BUNDLE_LOADER = "$(TEST_HOST)";
				CODE_SIGN_STYLE = Automatic;
				CURRENT_PROJECT_VERSION = 1;
				DEVELOPMENT_TEAM = 22P58SR4VW;
				GENERATE_INFOPLIST_FILE = YES;
				IPHONEOS_DEPLOYMENT_TARGET = 16.2;
				MARKETING_VERSION = 1.0;
				PRODUCT_BUNDLE_IDENTIFIER = com.mvelasquezherrera.YapeFoodTests;
				PRODUCT_NAME = "$(TARGET_NAME)";
				SWIFT_EMIT_LOC_STRINGS = NO;
				SWIFT_VERSION = 5.0;
				TARGETED_DEVICE_FAMILY = "1,2";
				TEST_HOST = "$(BUILT_PRODUCTS_DIR)/YapeFood.app/$(BUNDLE_EXECUTABLE_FOLDER_PATH)/YapeFood";
			};
			name = Release;
		};
		2F5F690129B4522B00A6FE54 /* Debug */ = {
			isa = XCBuildConfiguration;
			buildSettings = {
				ALWAYS_EMBED_SWIFT_STANDARD_LIBRARIES = YES;
				CODE_SIGN_STYLE = Automatic;
				CURRENT_PROJECT_VERSION = 1;
				DEVELOPMENT_TEAM = 22P58SR4VW;
				GENERATE_INFOPLIST_FILE = YES;
				MARKETING_VERSION = 1.0;
				PRODUCT_BUNDLE_IDENTIFIER = com.mvelasquezherrera.YapeFoodUITests;
				PRODUCT_NAME = "$(TARGET_NAME)";
				SWIFT_EMIT_LOC_STRINGS = NO;
				SWIFT_VERSION = 5.0;
				TARGETED_DEVICE_FAMILY = "1,2";
				TEST_TARGET_NAME = YapeFood;
			};
			name = Debug;
		};
		2F5F690229B4522B00A6FE54 /* Release */ = {
			isa = XCBuildConfiguration;
			buildSettings = {
				ALWAYS_EMBED_SWIFT_STANDARD_LIBRARIES = YES;
				CODE_SIGN_STYLE = Automatic;
				CURRENT_PROJECT_VERSION = 1;
				DEVELOPMENT_TEAM = 22P58SR4VW;
				GENERATE_INFOPLIST_FILE = YES;
				MARKETING_VERSION = 1.0;
				PRODUCT_BUNDLE_IDENTIFIER = com.mvelasquezherrera.YapeFoodUITests;
				PRODUCT_NAME = "$(TARGET_NAME)";
				SWIFT_EMIT_LOC_STRINGS = NO;
				SWIFT_VERSION = 5.0;
				TARGETED_DEVICE_FAMILY = "1,2";
				TEST_TARGET_NAME = YapeFood;
			};
			name = Release;
		};
/* End XCBuildConfiguration section */

/* Begin XCConfigurationList section */
		2F5F68CB29B4522900A6FE54 /* Build configuration list for PBXProject "YapeFood" */ = {
			isa = XCConfigurationList;
			buildConfigurations = (
				2F5F68F829B4522B00A6FE54 /* Debug */,
				2F5F68F929B4522B00A6FE54 /* Release */,
			);
			defaultConfigurationIsVisible = 0;
			defaultConfigurationName = Release;
		};
		2F5F68FA29B4522B00A6FE54 /* Build configuration list for PBXNativeTarget "YapeFood" */ = {
			isa = XCConfigurationList;
			buildConfigurations = (
				2F5F68FB29B4522B00A6FE54 /* Debug */,
				2F5F68FC29B4522B00A6FE54 /* Release */,
			);
			defaultConfigurationIsVisible = 0;
			defaultConfigurationName = Release;
		};
		2F5F68FD29B4522B00A6FE54 /* Build configuration list for PBXNativeTarget "YapeFoodTests" */ = {
			isa = XCConfigurationList;
			buildConfigurations = (
				2F5F68FE29B4522B00A6FE54 /* Debug */,
				2F5F68FF29B4522B00A6FE54 /* Release */,
			);
			defaultConfigurationIsVisible = 0;
			defaultConfigurationName = Release;
		};
		2F5F690029B4522B00A6FE54 /* Build configuration list for PBXNativeTarget "YapeFoodUITests" */ = {
			isa = XCConfigurationList;
			buildConfigurations = (
				2F5F690129B4522B00A6FE54 /* Debug */,
				2F5F690229B4522B00A6FE54 /* Release */,
			);
			defaultConfigurationIsVisible = 0;
			defaultConfigurationName = Release;
		};
/* End XCConfigurationList section */

/* Begin XCRemoteSwiftPackageReference section */
		2F5F690329B4531400A6FE54 /* XCRemoteSwiftPackageReference "SDWebImage" */ = {
			isa = XCRemoteSwiftPackageReference;
			repositoryURL = "https://github.com/SDWebImage/SDWebImage.git";
			requirement = {
				branch = master;
				kind = branch;
			};
		};
/* End XCRemoteSwiftPackageReference section */

/* Begin XCSwiftPackageProductDependency section */
		2F5F690429B4531400A6FE54 /* SDWebImage */ = {
			isa = XCSwiftPackageProductDependency;
			package = 2F5F690329B4531400A6FE54 /* XCRemoteSwiftPackageReference "SDWebImage" */;
			productName = SDWebImage;
		};
/* End XCSwiftPackageProductDependency section */
	};
	rootObject = 2F5F68C829B4522900A6FE54 /* Project object */;
}
